
Microsoft Visual Studio Solution File, Format Version 12.00
# Visual Studio Version 16
VisualStudioVersion = 16.0.29424.173
MinimumVisualStudioVersion = 10.0.40219.1
Project("{FAE04EC0-301F-11D3-BF4B-00C04F79EFBC}") = "P4-LoginForm", "P4 - LoginForm\P4-LoginForm.csproj", "{4AB65B31-999B-448A-9584-1E8C69B25913}"
EndProject
Global
	GlobalSection(SolutionConfigurationPlatforms) = preSolution
		Debug|Any CPU = Debug|Any CPU
		Release|Any CPU = Release|Any CPU
	EndGlobalSection
	GlobalSection(ProjectConfigurationPlatforms) = postSolution
		{4AB65B31-999B-448A-9584-1E8C69B25913}.Debug|Any CPU.ActiveCfg = Debug|Any CPU
		{4AB65B31-999B-448A-9584-1E8C69B25913}.Debug|Any CPU.Build.0 = Debug|Any CPU
		{4AB65B31-999B-448A-9584-1E8C69B25913}.Release|Any CPU.ActiveCfg = Release|Any CPU
		{4AB65B31-999B-448A-9584-1E8C69B25913}.Release|Any CPU.Build.0 = Release|Any CPU
	EndGlobalSection
	GlobalSection(SolutionProperties) = preSolution
		HideSolutionNode = FALSE
	EndGlobalSection
	GlobalSection(ExtensibilityGlobals) = postSolution
		SolutionGuid = {C475D980-5589-4431-A447-F879136719DA}
	EndGlobalSection
EndGlobal
